
Microsoft Visual Studio Solution File, Format Version 12.00
# Visual Studio Version 18
VisualStudioVersion = 18.4.11605.240 stable
MinimumVisualStudioVersion = 10.0.40219.1
Project("{FAE04EC0-301F-11D3-BF4B-00C04F79EFBC}") = "Dejesus_OnlineBanking2", "Dejesus_OnlineBanking2.csproj", "{C37CEA15-FDAE-4968-B830-761809A3F601}"
EndProject
Project("{FAE04EC0-301F-11D3-BF4B-00C04F79EFBC}") = "OnlineBangkingCL", "..\OnlineBangkingCL\OnlineBangkingCL.csproj", "{56C34478-C9D8-48D7-A50F-36BF6EAE97EB}"
EndProject
Global
	GlobalSection(SolutionConfigurationPlatforms) = preSolution
		Debug|Any CPU = Debug|Any CPU
		Release|Any CPU = Release|Any CPU
	EndGlobalSection
	GlobalSection(ProjectConfigurationPlatforms) = postSolution
		{C37CEA15-FDAE-4968-B830-761809A3F601}.Debug|Any CPU.ActiveCfg = Debug|Any CPU
		{C37CEA15-FDAE-4968-B830-761809A3F601}.Debug|Any CPU.Build.0 = Debug|Any CPU
		{C37CEA15-FDAE-4968-B830-761809A3F601}.Release|Any CPU.ActiveCfg = Release|Any CPU
		{C37CEA15-FDAE-4968-B830-761809A3F601}.Release|Any CPU.Build.0 = Release|Any CPU
		{56C34478-C9D8-48D7-A50F-36BF6EAE97EB}.Debug|Any CPU.ActiveCfg = Debug|Any CPU
		{56C34478-C9D8-48D7-A50F-36BF6EAE97EB}.Debug|Any CPU.Build.0 = Debug|Any CPU
		{56C34478-C9D8-48D7-A50F-36BF6EAE97EB}.Release|Any CPU.ActiveCfg = Release|Any CPU
		{56C34478-C9D8-48D7-A50F-36BF6EAE97EB}.Release|Any CPU.Build.0 = Release|Any CPU
	EndGlobalSection
	GlobalSection(SolutionProperties) = preSolution
		HideSolutionNode = FALSE
	EndGlobalSection
	GlobalSection(ExtensibilityGlobals) = postSolution
		SolutionGuid = {DB7A80A3-8CF4-4D97-A4F0-3B55C54AC0BA}
	EndGlobalSection
EndGlobal
